// !$*UTF8*$!
{
	archiveVersion = 1;
	classes = {
	};
	objectVersion = 51;
	objects = {

/* Begin PBXBuildFile section */
		2A58EA1E3FA03848ED6BED19 /* Pods_CycleSymptomTracker.framework in Frameworks */ = {isa = PBXBuildFile; fileRef = DD2069CC5205B45AFA4C5F54 /* Pods_CycleSymptomTracker.framework */; };
		678CE669272DDEFE00994B9B /* AppDelegate.swift in Sources */ = {isa = PBXBuildFile; fileRef = 678CE668272DDEFE00994B9B /* AppDelegate.swift */; };
		678CE66B272DDEFE00994B9B /* SceneDelegate.swift in Sources */ = {isa = PBXBuildFile; fileRef = 678CE66A272DDEFE00994B9B /* SceneDelegate.swift */; };
		678CE66D272DDEFE00994B9B /* TrackerViewController.swift in Sources */ = {isa = PBXBuildFile; fileRef = 678CE66C272DDEFE00994B9B /* TrackerViewController.swift */; };
		678CE670272DDEFE00994B9B /* Main.storyboard in Resources */ = {isa = PBXBuildFile; fileRef = 678CE66E272DDEFE00994B9B /* Main.storyboard */; };
		678CE672272DDF0E00994B9B /* Assets.xcassets in Resources */ = {isa = PBXBuildFile; fileRef = 678CE671272DDF0E00994B9B /* Assets.xcassets */; };
		678CE675272DDF0E00994B9B /* LaunchScreen.storyboard in Resources */ = {isa = PBXBuildFile; fileRef = 678CE673272DDF0E00994B9B /* LaunchScreen.storyboard */; };
		678CE67F272DDFA000994B9B /* TrackerViewModel.swift in Sources */ = {isa = PBXBuildFile; fileRef = 678CE67E272DDFA000994B9B /* TrackerViewModel.swift */; };
		678CE683272DE17B00994B9B /* HomeViewController.swift in Sources */ = {isa = PBXBuildFile; fileRef = 678CE682272DE17B00994B9B /* HomeViewController.swift */; };
		678CE686272DE1B500994B9B /* HomeViewModel.swift in Sources */ = {isa = PBXBuildFile; fileRef = 678CE685272DE1B500994B9B /* HomeViewModel.swift */; };
		67A4BFA7272F5BFB0050079A /* UIColor+Ext.swift in Sources */ = {isa = PBXBuildFile; fileRef = 67A4BFA6272F5BFB0050079A /* UIColor+Ext.swift */; };
		67A4BFAA272F688C0050079A /* SectionHeaderView.swift in Sources */ = {isa = PBXBuildFile; fileRef = 67A4BFA9272F688B0050079A /* SectionHeaderView.swift */; };
		67A5C11D2730B28000974EE5 /* InfoViewController.swift in Sources */ = {isa = PBXBuildFile; fileRef = 67A5C11C2730B28000974EE5 /* InfoViewController.swift */; };
		67A5C1202730B29C00974EE5 /* InfoViewModel.swift in Sources */ = {isa = PBXBuildFile; fileRef = 67A5C11F2730B29C00974EE5 /* InfoViewModel.swift */; };
		67A5C1242730C1B500974EE5 /* UIView+Ext.swift in Sources */ = {isa = PBXBuildFile; fileRef = 67A5C1232730C1B500974EE5 /* UIView+Ext.swift */; };
		67A5C1272730E0B900974EE5 /* CleanScatterChartView.swift in Sources */ = {isa = PBXBuildFile; fileRef = 67A5C1262730E0B900974EE5 /* CleanScatterChartView.swift */; };
		67A5C12A2730E17F00974EE5 /* CleanLineChartView.swift in Sources */ = {isa = PBXBuildFile; fileRef = 67A5C1292730E17F00974EE5 /* CleanLineChartView.swift */; };
		67A5C12F2730E3B400974EE5 /* CurrentCycleViewController.swift in Sources */ = {isa = PBXBuildFile; fileRef = 67A5C12E2730E3B400974EE5 /* CurrentCycleViewController.swift */; };
		67A5C1332731BA1700974EE5 /* CurrentCycleTableViewCell.swift in Sources */ = {isa = PBXBuildFile; fileRef = 67A5C1322731BA1700974EE5 /* CurrentCycleTableViewCell.swift */; };
		67A5C1372731BA3300974EE5 /* AnalysisTableViewCell.swift in Sources */ = {isa = PBXBuildFile; fileRef = 67A5C1362731BA3300974EE5 /* AnalysisTableViewCell.swift */; };
		67D0C068272F9DD0003B0D09 /* NavigationBarButton.swift in Sources */ = {isa = PBXBuildFile; fileRef = 67D0C067272F9DD0003B0D09 /* NavigationBarButton.swift */; };
		67D0C06C272FAE1F003B0D09 /* TodayTableViewCell.swift in Sources */ = {isa = PBXBuildFile; fileRef = 67D0C06B272FAE1F003B0D09 /* TodayTableViewCell.swift */; };
		67D574D12731D0A6002426C6 /* SectionSubheaderTableViewCell.swift in Sources */ = {isa = PBXBuildFile; fileRef = 67D574D02731D0A6002426C6 /* SectionSubheaderTableViewCell.swift */; };
		67D574D42731D198002426C6 /* AnalysisViewController.swift in Sources */ = {isa = PBXBuildFile; fileRef = 67D574D32731D198002426C6 /* AnalysisViewController.swift */; };
/* End PBXBuildFile section */

/* Begin PBXFileReference section */
		1A65EFF0C63BF29527FCC066 /* Pods-CycleSymptomTracker.release.xcconfig */ = {isa = PBXFileReference; includeInIndex = 1; lastKnownFileType = text.xcconfig; name = "Pods-CycleSymptomTracker.release.xcconfig"; path = "Target Support Files/Pods-CycleSymptomTracker/Pods-CycleSymptomTracker.release.xcconfig"; sourceTree = "<group>"; };
		3D2DAB47067E5F96CAC4F36F /* Pods-CycleSymptomTracker.debug.xcconfig */ = {isa = PBXFileReference; includeInIndex = 1; lastKnownFileType = text.xcconfig; name = "Pods-CycleSymptomTracker.debug.xcconfig"; path = "Target Support Files/Pods-CycleSymptomTracker/Pods-CycleSymptomTracker.debug.xcconfig"; sourceTree = "<group>"; };
		678CE665272DDEFE00994B9B /* CycleSymptomTracker.app */ = {isa = PBXFileReference; explicitFileType = wrapper.application; includeInIndex = 0; path = CycleSymptomTracker.app; sourceTree = BUILT_PRODUCTS_DIR; };
		678CE668272DDEFE00994B9B /* AppDelegate.swift */ = {isa = PBXFileReference; lastKnownFileType = sourcecode.swift; path = AppDelegate.swift; sourceTree = "<group>"; };
		678CE66A272DDEFE00994B9B /* SceneDelegate.swift */ = {isa = PBXFileReference; lastKnownFileType = sourcecode.swift; path = SceneDelegate.swift; sourceTree = "<group>"; };
		678CE66C272DDEFE00994B9B /* TrackerViewController.swift */ = {isa = PBXFileReference; lastKnownFileType = sourcecode.swift; path = TrackerViewController.swift; sourceTree = "<group>"; };
		678CE66F272DDEFE00994B9B /* Base */ = {isa = PBXFileReference; lastKnownFileType = file.storyboard; name = Base; path = Base.lproj/Main.storyboard; sourceTree = "<group>"; };
		678CE671272DDF0E00994B9B /* Assets.xcassets */ = {isa = PBXFileReference; lastKnownFileType = folder.assetcatalog; path = Assets.xcassets; sourceTree = "<group>"; };
		678CE674272DDF0E00994B9B /* Base */ = {isa = PBXFileReference; lastKnownFileType = file.storyboard; name = Base; path = Base.lproj/LaunchScreen.storyboard; sourceTree = "<group>"; };
		678CE676272DDF0E00994B9B /* Info.plist */ = {isa = PBXFileReference; lastKnownFileType = text.plist.xml; path = Info.plist; sourceTree = "<group>"; };
		678CE67E272DDFA000994B9B /* TrackerViewModel.swift */ = {isa = PBXFileReference; lastKnownFileType = sourcecode.swift; path = TrackerViewModel.swift; sourceTree = "<group>"; };
		678CE682272DE17B00994B9B /* HomeViewController.swift */ = {isa = PBXFileReference; lastKnownFileType = sourcecode.swift; path = HomeViewController.swift; sourceTree = "<group>"; };
		678CE685272DE1B500994B9B /* HomeViewModel.swift */ = {isa = PBXFileReference; lastKnownFileType = sourcecode.swift; path = HomeViewModel.swift; sourceTree = "<group>"; };
		67A4BFA6272F5BFB0050079A /* UIColor+Ext.swift */ = {isa = PBXFileReference; lastKnownFileType = sourcecode.swift; path = "UIColor+Ext.swift"; sourceTree = "<group>"; };
		67A4BFA9272F688B0050079A /* SectionHeaderView.swift */ = {isa = PBXFileReference; lastKnownFileType = sourcecode.swift; path = SectionHeaderView.swift; sourceTree = "<group>"; };
		67A5C11C2730B28000974EE5 /* InfoViewController.swift */ = {isa = PBXFileReference; lastKnownFileType = sourcecode.swift; path = InfoViewController.swift; sourceTree = "<group>"; };
		67A5C11F2730B29C00974EE5 /* InfoViewModel.swift */ = {isa = PBXFileReference; lastKnownFileType = sourcecode.swift; path = InfoViewModel.swift; sourceTree = "<group>"; };
		67A5C1232730C1B500974EE5 /* UIView+Ext.swift */ = {isa = PBXFileReference; lastKnownFileType = sourcecode.swift; path = "UIView+Ext.swift"; sourceTree = "<group>"; };
		67A5C1262730E0B900974EE5 /* CleanScatterChartView.swift */ = {isa = PBXFileReference; lastKnownFileType = sourcecode.swift; path = CleanScatterChartView.swift; sourceTree = "<group>"; };
		67A5C1292730E17F00974EE5 /* CleanLineChartView.swift */ = {isa = PBXFileReference; lastKnownFileType = sourcecode.swift; path = CleanLineChartView.swift; sourceTree = "<group>"; };
		67A5C12E2730E3B400974EE5 /* CurrentCycleViewController.swift */ = {isa = PBXFileReference; lastKnownFileType = sourcecode.swift; path = CurrentCycleViewController.swift; sourceTree = "<group>"; };
		67A5C1322731BA1700974EE5 /* CurrentCycleTableViewCell.swift */ = {isa = PBXFileReference; lastKnownFileType = sourcecode.swift; path = CurrentCycleTableViewCell.swift; sourceTree = "<group>"; };
		67A5C1362731BA3300974EE5 /* AnalysisTableViewCell.swift */ = {isa = PBXFileReference; lastKnownFileType = sourcecode.swift; path = AnalysisTableViewCell.swift; sourceTree = "<group>"; };
		67D0C067272F9DD0003B0D09 /* NavigationBarButton.swift */ = {isa = PBXFileReference; lastKnownFileType = sourcecode.swift; path = NavigationBarButton.swift; sourceTree = "<group>"; };
		67D0C06B272FAE1F003B0D09 /* TodayTableViewCell.swift */ = {isa = PBXFileReference; lastKnownFileType = sourcecode.swift; path = TodayTableViewCell.swift; sourceTree = "<group>"; };
		67D574D02731D0A6002426C6 /* SectionSubheaderTableViewCell.swift */ = {isa = PBXFileReference; lastKnownFileType = sourcecode.swift; path = SectionSubheaderTableViewCell.swift; sourceTree = "<group>"; };
		67D574D32731D198002426C6 /* AnalysisViewController.swift */ = {isa = PBXFileReference; lastKnownFileType = sourcecode.swift; path = AnalysisViewController.swift; sourceTree = "<group>"; };
		DD2069CC5205B45AFA4C5F54 /* Pods_CycleSymptomTracker.framework */ = {isa = PBXFileReference; explicitFileType = wrapper.framework; includeInIndex = 0; path = Pods_CycleSymptomTracker.framework; sourceTree = BUILT_PRODUCTS_DIR; };
/* End PBXFileReference section */

/* Begin PBXFrameworksBuildPhase section */
		678CE662272DDEFE00994B9B /* Frameworks */ = {
			isa = PBXFrameworksBuildPhase;
			buildActionMask = 2147483647;
			files = (
				2A58EA1E3FA03848ED6BED19 /* Pods_CycleSymptomTracker.framework in Frameworks */,
			);
			runOnlyForDeploymentPostprocessing = 0;
		};
/* End PBXFrameworksBuildPhase section */

/* Begin PBXGroup section */
		486BB9C0FFBC358C43B780BE /* Pods */ = {
			isa = PBXGroup;
			children = (
				3D2DAB47067E5F96CAC4F36F /* Pods-CycleSymptomTracker.debug.xcconfig */,
				1A65EFF0C63BF29527FCC066 /* Pods-CycleSymptomTracker.release.xcconfig */,
			);
			path = Pods;
			sourceTree = "<group>";
		};
		678CE65C272DDEFE00994B9B = {
			isa = PBXGroup;
			children = (
				678CE667272DDEFE00994B9B /* CycleSymptomTracker */,
				678CE666272DDEFE00994B9B /* Products */,
				486BB9C0FFBC358C43B780BE /* Pods */,
				8033697743339E1CDE4990F5 /* Frameworks */,
			);
			sourceTree = "<group>";
		};
		678CE666272DDEFE00994B9B /* Products */ = {
			isa = PBXGroup;
			children = (
				678CE665272DDEFE00994B9B /* CycleSymptomTracker.app */,
			);
			name = Products;
			sourceTree = "<group>";
		};
		678CE667272DDEFE00994B9B /* CycleSymptomTracker */ = {
			isa = PBXGroup;
			children = (
				67A4BFAC272F68960050079A /* ViewControllers */,
				67A5C11B2730B26D00974EE5 /* ViewModels */,
				67A4BFAE272F68B90050079A /* UI */,
				67A4BFAF272F68CD0050079A /* Extensions */,
				678CE668272DDEFE00994B9B /* AppDelegate.swift */,
				678CE66A272DDEFE00994B9B /* SceneDelegate.swift */,
				678CE673272DDF0E00994B9B /* LaunchScreen.storyboard */,
				678CE66E272DDEFE00994B9B /* Main.storyboard */,
				678CE671272DDF0E00994B9B /* Assets.xcassets */,
				678CE676272DDF0E00994B9B /* Info.plist */,
			);
			path = CycleSymptomTracker;
			sourceTree = "<group>";
		};
		67A4BFAC272F68960050079A /* ViewControllers */ = {
			isa = PBXGroup;
			children = (
				678CE682272DE17B00994B9B /* HomeViewController.swift */,
				67A5C11C2730B28000974EE5 /* InfoViewController.swift */,
				67A5C12E2730E3B400974EE5 /* CurrentCycleViewController.swift */,
				678CE66C272DDEFE00994B9B /* TrackerViewController.swift */,
				67D574D32731D198002426C6 /* AnalysisViewController.swift */,
			);
			path = ViewControllers;
			sourceTree = "<group>";
		};
		67A4BFAE272F68B90050079A /* UI */ = {
			isa = PBXGroup;
			children = (
				67A5C1392731BA4100974EE5 /* Charts */,
				67A5C1352731BA2300974EE5 /* TableViewCells */,
				67A4BFA9272F688B0050079A /* SectionHeaderView.swift */,
				67D0C067272F9DD0003B0D09 /* NavigationBarButton.swift */,
			);
			path = UI;
			sourceTree = "<group>";
		};
		67A4BFAF272F68CD0050079A /* Extensions */ = {
			isa = PBXGroup;
			children = (
				67A4BFA6272F5BFB0050079A /* UIColor+Ext.swift */,
				67A5C1232730C1B500974EE5 /* UIView+Ext.swift */,
			);
			path = Extensions;
			sourceTree = "<group>";
		};
		67A5C11B2730B26D00974EE5 /* ViewModels */ = {
			isa = PBXGroup;
			children = (
				678CE67E272DDFA000994B9B /* TrackerViewModel.swift */,
				678CE685272DE1B500994B9B /* HomeViewModel.swift */,
				67A5C11F2730B29C00974EE5 /* InfoViewModel.swift */,
			);
			path = ViewModels;
			sourceTree = "<group>";
		};
		67A5C1352731BA2300974EE5 /* TableViewCells */ = {
			isa = PBXGroup;
			children = (
				67D0C06B272FAE1F003B0D09 /* TodayTableViewCell.swift */,
				67A5C1322731BA1700974EE5 /* CurrentCycleTableViewCell.swift */,
				67A5C1362731BA3300974EE5 /* AnalysisTableViewCell.swift */,
				67D574D02731D0A6002426C6 /* SectionSubheaderTableViewCell.swift */,
			);
			path = TableViewCells;
			sourceTree = "<group>";
		};
		67A5C1392731BA4100974EE5 /* Charts */ = {
			isa = PBXGroup;
			children = (
				67A5C1262730E0B900974EE5 /* CleanScatterChartView.swift */,
				67A5C1292730E17F00974EE5 /* CleanLineChartView.swift */,
			);
			path = Charts;
			sourceTree = "<group>";
		};
		8033697743339E1CDE4990F5 /* Frameworks */ = {
			isa = PBXGroup;
			children = (
				DD2069CC5205B45AFA4C5F54 /* Pods_CycleSymptomTracker.framework */,
			);
			name = Frameworks;
			sourceTree = "<group>";
		};
/* End PBXGroup section */

/* Begin PBXNativeTarget section */
		678CE664272DDEFE00994B9B /* CycleSymptomTracker */ = {
			isa = PBXNativeTarget;
			buildConfigurationList = 678CE679272DDF0F00994B9B /* Build configuration list for PBXNativeTarget "CycleSymptomTracker" */;
			buildPhases = (
				1E3F8AF5ADA9E9E1E06809F6 /* [CP] Check Pods Manifest.lock */,
				678CE661272DDEFE00994B9B /* Sources */,
				678CE662272DDEFE00994B9B /* Frameworks */,
				678CE663272DDEFE00994B9B /* Resources */,
				D2FB37FD8C0B6D637114BF47 /* [CP] Embed Pods Frameworks */,
			);
			buildRules = (
			);
			dependencies = (
			);
			name = CycleSymptomTracker;
			productName = "Cycle Symptom Tracker";
			productReference = 678CE665272DDEFE00994B9B /* CycleSymptomTracker.app */;
			productType = "com.apple.product-type.application";
		};
/* End PBXNativeTarget section */

/* Begin PBXProject section */
		678CE65D272DDEFE00994B9B /* Project object */ = {
			isa = PBXProject;
			attributes = {
				LastSwiftUpdateCheck = 1240;
				LastUpgradeCheck = 1240;
				TargetAttributes = {
					678CE664272DDEFE00994B9B = {
						CreatedOnToolsVersion = 12.4;
					};
				};
			};
			buildConfigurationList = 678CE660272DDEFE00994B9B /* Build configuration list for PBXProject "CycleSymptomTracker" */;
			compatibilityVersion = "Xcode 9.3";
			developmentRegion = en;
			hasScannedForEncodings = 0;
			knownRegions = (
				en,
				Base,
			);
			mainGroup = 678CE65C272DDEFE00994B9B;
			productRefGroup = 678CE666272DDEFE00994B9B /* Products */;
			projectDirPath = "";
			projectRoot = "";
			targets = (
				678CE664272DDEFE00994B9B /* CycleSymptomTracker */,
			);
		};
/* End PBXProject section */

/* Begin PBXResourcesBuildPhase section */
		678CE663272DDEFE00994B9B /* Resources */ = {
			isa = PBXResourcesBuildPhase;
			buildActionMask = 2147483647;
			files = (
				678CE675272DDF0E00994B9B /* LaunchScreen.storyboard in Resources */,
				678CE672272DDF0E00994B9B /* Assets.xcassets in Resources */,
				678CE670272DDEFE00994B9B /* Main.storyboard in Resources */,
			);
			runOnlyForDeploymentPostprocessing = 0;
		};
/* End PBXResourcesBuildPhase section */

/* Begin PBXShellScriptBuildPhase section */
		1E3F8AF5ADA9E9E1E06809F6 /* [CP] Check Pods Manifest.lock */ = {
			isa = PBXShellScriptBuildPhase;
			buildActionMask = 2147483647;
			files = (
			);
			inputFileListPaths = (
			);
			inputPaths = (
				"${PODS_PODFILE_DIR_PATH}/Podfile.lock",
				"${PODS_ROOT}/Manifest.lock",
			);
			name = "[CP] Check Pods Manifest.lock";
			outputFileListPaths = (
			);
			outputPaths = (
				"$(DERIVED_FILE_DIR)/Pods-CycleSymptomTracker-checkManifestLockResult.txt",
			);
			runOnlyForDeploymentPostprocessing = 0;
			shellPath = /bin/sh;
			shellScript = "diff \"${PODS_PODFILE_DIR_PATH}/Podfile.lock\" \"${PODS_ROOT}/Manifest.lock\" > /dev/null\nif [ $? != 0 ] ; then\n    # print error to STDERR\n    echo \"error: The sandbox is not in sync with the Podfile.lock. Run 'pod install' or update your CocoaPods installation.\" >&2\n    exit 1\nfi\n# This output is used by Xcode 'outputs' to avoid re-running this script phase.\necho \"SUCCESS\" > \"${SCRIPT_OUTPUT_FILE_0}\"\n";
			showEnvVarsInLog = 0;
		};
		D2FB37FD8C0B6D637114BF47 /* [CP] Embed Pods Frameworks */ = {
			isa = PBXShellScriptBuildPhase;
			buildActionMask = 2147483647;
			files = (
			);
			inputFileListPaths = (
				"${PODS_ROOT}/Target Support Files/Pods-CycleSymptomTracker/Pods-CycleSymptomTracker-frameworks-${CONFIGURATION}-input-files.xcfilelist",
			);
			name = "[CP] Embed Pods Frameworks";
			outputFileListPaths = (
				"${PODS_ROOT}/Target Support Files/Pods-CycleSymptomTracker/Pods-CycleSymptomTracker-frameworks-${CONFIGURATION}-output-files.xcfilelist",
			);
			runOnlyForDeploymentPostprocessing = 0;
			shellPath = /bin/sh;
			shellScript = "\"${PODS_ROOT}/Target Support Files/Pods-CycleSymptomTracker/Pods-CycleSymptomTracker-frameworks.sh\"\n";
			showEnvVarsInLog = 0;
		};
/* End PBXShellScriptBuildPhase section */

/* Begin PBXSourcesBuildPhase section */
		678CE661272DDEFE00994B9B /* Sources */ = {
			isa = PBXSourcesBuildPhase;
			buildActionMask = 2147483647;
			files = (
				67A5C12A2730E17F00974EE5 /* CleanLineChartView.swift in Sources */,
				67D0C06C272FAE1F003B0D09 /* TodayTableViewCell.swift in Sources */,
				67A5C11D2730B28000974EE5 /* InfoViewController.swift in Sources */,
				67A5C1272730E0B900974EE5 /* CleanScatterChartView.swift in Sources */,
				67A5C1202730B29C00974EE5 /* InfoViewModel.swift in Sources */,
				67D574D12731D0A6002426C6 /* SectionSubheaderTableViewCell.swift in Sources */,
				67A4BFA7272F5BFB0050079A /* UIColor+Ext.swift in Sources */,
				678CE683272DE17B00994B9B /* HomeViewController.swift in Sources */,
				678CE686272DE1B500994B9B /* HomeViewModel.swift in Sources */,
				67A4BFAA272F688C0050079A /* SectionHeaderView.swift in Sources */,
				67A5C1332731BA1700974EE5 /* CurrentCycleTableViewCell.swift in Sources */,
				678CE66D272DDEFE00994B9B /* TrackerViewController.swift in Sources */,
				678CE67F272DDFA000994B9B /* TrackerViewModel.swift in Sources */,
				67A5C1242730C1B500974EE5 /* UIView+Ext.swift in Sources */,
				67D574D42731D198002426C6 /* AnalysisViewController.swift in Sources */,
				678CE669272DDEFE00994B9B /* AppDelegate.swift in Sources */,
				67D0C068272F9DD0003B0D09 /* NavigationBarButton.swift in Sources */,
				67A5C1372731BA3300974EE5 /* AnalysisTableViewCell.swift in Sources */,
				67A5C12F2730E3B400974EE5 /* CurrentCycleViewController.swift in Sources */,
				678CE66B272DDEFE00994B9B /* SceneDelegate.swift in Sources */,
			);
			runOnlyForDeploymentPostprocessing = 0;
		};
/* End PBXSourcesBuildPhase section */

/* Begin PBXVariantGroup section */
		678CE66E272DDEFE00994B9B /* Main.storyboard */ = {
			isa = PBXVariantGroup;
			children = (
				678CE66F272DDEFE00994B9B /* Base */,
			);
			name = Main.storyboard;
			sourceTree = "<group>";
		};
		678CE673272DDF0E00994B9B /* LaunchScreen.storyboard */ = {
			isa = PBXVariantGroup;
			children = (
				678CE674272DDF0E00994B9B /* Base */,
			);
			name = LaunchScreen.storyboard;
			sourceTree = "<group>";
		};
/* End PBXVariantGroup section */

/* Begin XCBuildConfiguration section */
		678CE677272DDF0E00994B9B /* Debug */ = {
			isa = XCBuildConfiguration;
			buildSettings = {
				ALWAYS_SEARCH_USER_PATHS = NO;
				CLANG_ANALYZER_NONNULL = YES;
				CLANG_ANALYZER_NUMBER_OBJECT_CONVERSION = YES_AGGRESSIVE;
				CLANG_CXX_LANGUAGE_STANDARD = "gnu++14";
				CLANG_CXX_LIBRARY = "libc++";
				CLANG_ENABLE_MODULES = YES;
				CLANG_ENABLE_OBJC_ARC = YES;
				CLANG_ENABLE_OBJC_WEAK = YES;
				CLANG_WARN_BLOCK_CAPTURE_AUTORELEASING = YES;
				CLANG_WARN_BOOL_CONVERSION = YES;
				CLANG_WARN_COMMA = YES;
				CLANG_WARN_CONSTANT_CONVERSION = YES;
				CLANG_WARN_DEPRECATED_OBJC_IMPLEMENTATIONS = YES;
				CLANG_WARN_DIRECT_OBJC_ISA_USAGE = YES_ERROR;
				CLANG_WARN_DOCUMENTATION_COMMENTS = YES;
				CLANG_WARN_EMPTY_BODY = YES;
				CLANG_WARN_ENUM_CONVERSION = YES;
				CLANG_WARN_INFINITE_RECURSION = YES;
				CLANG_WARN_INT_CONVERSION = YES;
				CLANG_WARN_NON_LITERAL_NULL_CONVERSION = YES;
				CLANG_WARN_OBJC_IMPLICIT_RETAIN_SELF = YES;
				CLANG_WARN_OBJC_LITERAL_CONVERSION = YES;
				CLANG_WARN_OBJC_ROOT_CLASS = YES_ERROR;
				CLANG_WARN_QUOTED_INCLUDE_IN_FRAMEWORK_HEADER = YES;
				CLANG_WARN_RANGE_LOOP_ANALYSIS = YES;
				CLANG_WARN_STRICT_PROTOTYPES = YES;
				CLANG_WARN_SUSPICIOUS_MOVE = YES;
				CLANG_WARN_UNGUARDED_AVAILABILITY = YES_AGGRESSIVE;
				CLANG_WARN_UNREACHABLE_CODE = YES;
				CLANG_WARN__DUPLICATE_METHOD_MATCH = YES;
				COPY_PHASE_STRIP = NO;
				DEBUG_INFORMATION_FORMAT = dwarf;
				ENABLE_STRICT_OBJC_MSGSEND = YES;
				ENABLE_TESTABILITY = YES;
				GCC_C_LANGUAGE_STANDARD = gnu11;
				GCC_DYNAMIC_NO_PIC = NO;
				GCC_NO_COMMON_BLOCKS = YES;
				GCC_OPTIMIZATION_LEVEL = 0;
				GCC_PREPROCESSOR_DEFINITIONS = (
					"DEBUG=1",
					"$(inherited)",
				);
				GCC_WARN_64_TO_32_BIT_CONVERSION = YES;
				GCC_WARN_ABOUT_RETURN_TYPE = YES_ERROR;
				GCC_WARN_UNDECLARED_SELECTOR = YES;
				GCC_WARN_UNINITIALIZED_AUTOS = YES_AGGRESSIVE;
				GCC_WARN_UNUSED_FUNCTION = YES;
				GCC_WARN_UNUSED_VARIABLE = YES;
				IPHONEOS_DEPLOYMENT_TARGET = 14.4;
				MTL_ENABLE_DEBUG_INFO = INCLUDE_SOURCE;
				MTL_FAST_MATH = YES;
				ONLY_ACTIVE_ARCH = YES;
				SDKROOT = iphoneos;
				SWIFT_ACTIVE_COMPILATION_CONDITIONS = DEBUG;
				SWIFT_OPTIMIZATION_LEVEL = "-Onone";
			};
			name = Debug;
		};
		678CE678272DDF0E00994B9B /* Release */ = {
			isa = XCBuildConfiguration;
			buildSettings = {
				ALWAYS_SEARCH_USER_PATHS = NO;
				CLANG_ANALYZER_NONNULL = YES;
				CLANG_ANALYZER_NUMBER_OBJECT_CONVERSION = YES_AGGRESSIVE;
				CLANG_CXX_LANGUAGE_STANDARD = "gnu++14";
				CLANG_CXX_LIBRARY = "libc++";
				CLANG_ENABLE_MODULES = YES;
				CLANG_ENABLE_OBJC_ARC = YES;
				CLANG_ENABLE_OBJC_WEAK = YES;
				CLANG_WARN_BLOCK_CAPTURE_AUTORELEASING = YES;
				CLANG_WARN_BOOL_CONVERSION = YES;
				CLANG_WARN_COMMA = YES;
				CLANG_WARN_CONSTANT_CONVERSION = YES;
				CLANG_WARN_DEPRECATED_OBJC_IMPLEMENTATIONS = YES;
				CLANG_WARN_DIRECT_OBJC_ISA_USAGE = YES_ERROR;
				CLANG_WARN_DOCUMENTATION_COMMENTS = YES;
				CLANG_WARN_EMPTY_BODY = YES;
				CLANG_WARN_ENUM_CONVERSION = YES;
				CLANG_WARN_INFINITE_RECURSION = YES;
				CLANG_WARN_INT_CONVERSION = YES;
				CLANG_WARN_NON_LITERAL_NULL_CONVERSION = YES;
				CLANG_WARN_OBJC_IMPLICIT_RETAIN_SELF = YES;
				CLANG_WARN_OBJC_LITERAL_CONVERSION = YES;
				CLANG_WARN_OBJC_ROOT_CLASS = YES_ERROR;
				CLANG_WARN_QUOTED_INCLUDE_IN_FRAMEWORK_HEADER = YES;
				CLANG_WARN_RANGE_LOOP_ANALYSIS = YES;
				CLANG_WARN_STRICT_PROTOTYPES = YES;
				CLANG_WARN_SUSPICIOUS_MOVE = YES;
				CLANG_WARN_UNGUARDED_AVAILABILITY = YES_AGGRESSIVE;
				CLANG_WARN_UNREACHABLE_CODE = YES;
				CLANG_WARN__DUPLICATE_METHOD_MATCH = YES;
				COPY_PHASE_STRIP = NO;
				DEBUG_INFORMATION_FORMAT = "dwarf-with-dsym";
				ENABLE_NS_ASSERTIONS = NO;
				ENABLE_STRICT_OBJC_MSGSEND = YES;
				GCC_C_LANGUAGE_STANDARD = gnu11;
				GCC_NO_COMMON_BLOCKS = YES;
				GCC_WARN_64_TO_32_BIT_CONVERSION = YES;
				GCC_WARN_ABOUT_RETURN_TYPE = YES_ERROR;
				GCC_WARN_UNDECLARED_SELECTOR = YES;
				GCC_WARN_UNINITIALIZED_AUTOS = YES_AGGRESSIVE;
				GCC_WARN_UNUSED_FUNCTION = YES;
				GCC_WARN_UNUSED_VARIABLE = YES;
				IPHONEOS_DEPLOYMENT_TARGET = 14.4;
				MTL_ENABLE_DEBUG_INFO = NO;
				MTL_FAST_MATH = YES;
				SDKROOT = iphoneos;
				SWIFT_COMPILATION_MODE = wholemodule;
				SWIFT_OPTIMIZATION_LEVEL = "-O";
				VALIDATE_PRODUCT = YES;
			};
			name = Release;
		};
		678CE67A272DDF0F00994B9B /* Debug */ = {
			isa = XCBuildConfiguration;
			baseConfigurationReference = 3D2DAB47067E5F96CAC4F36F /* Pods-CycleSymptomTracker.debug.xcconfig */;
			buildSettings = {
				ASSETCATALOG_COMPILER_APPICON_NAME = AppIcon;
				ASSETCATALOG_COMPILER_GLOBAL_ACCENT_COLOR_NAME = AccentColor;
				CODE_SIGN_STYLE = Automatic;
				CURRENT_PROJECT_VERSION = 3;
				DEVELOPMENT_TEAM = 22FG2JE75X;
				INFOPLIST_FILE = "$(SRCROOT)/CycleSymptomTracker/Info.plist";
				LD_RUNPATH_SEARCH_PATHS = (
					"$(inherited)",
					"@executable_path/Frameworks",
				);
				PRODUCT_BUNDLE_IDENTIFIER = "com.bmcurutan.Cycle-Symptom-Tracker";
				PRODUCT_NAME = "$(TARGET_NAME)";
				SWIFT_VERSION = 5.0;
				TARGETED_DEVICE_FAMILY = 1;
			};
			name = Debug;
		};
		678CE67B272DDF0F00994B9B /* Release */ = {
			isa = XCBuildConfiguration;
			baseConfigurationReference = 1A65EFF0C63BF29527FCC066 /* Pods-CycleSymptomTracker.release.xcconfig */;
			buildSettings = {
				ASSETCATALOG_COMPILER_APPICON_NAME = AppIcon;
				ASSETCATALOG_COMPILER_GLOBAL_ACCENT_COLOR_NAME = AccentColor;
				CODE_SIGN_STYLE = Automatic;
				CURRENT_PROJECT_VERSION = 3;
				DEVELOPMENT_TEAM = 22FG2JE75X;
				INFOPLIST_FILE = "$(SRCROOT)/CycleSymptomTracker/Info.plist";
				LD_RUNPATH_SEARCH_PATHS = (
					"$(inherited)",
					"@executable_path/Frameworks",
				);
				PRODUCT_BUNDLE_IDENTIFIER = "com.bmcurutan.Cycle-Symptom-Tracker";
				PRODUCT_NAME = "$(TARGET_NAME)";
				SWIFT_VERSION = 5.0;
				TARGETED_DEVICE_FAMILY = 1;
			};
			name = Release;
		};
/* End XCBuildConfiguration section */

/* Begin XCConfigurationList section */
		678CE660272DDEFE00994B9B /* Build configuration list for PBXProject "CycleSymptomTracker" */ = {
			isa = XCConfigurationList;
			buildConfigurations = (
				678CE677272DDF0E00994B9B /* Debug */,
				678CE678272DDF0E00994B9B /* Release */,
			);
			defaultConfigurationIsVisible = 0;
			defaultConfigurationName = Release;
		};
		678CE679272DDF0F00994B9B /* Build configuration list for PBXNativeTarget "CycleSymptomTracker" */ = {
			isa = XCConfigurationList;
			buildConfigurations = (
				678CE67A272DDF0F00994B9B /* Debug */,
				678CE67B272DDF0F00994B9B /* Release */,
			);
			defaultConfigurationIsVisible = 0;
			defaultConfigurationName = Release;
		};
/* End XCConfigurationList section */
	};
	rootObject = 678CE65D272DDEFE00994B9B /* Project object */;
}
